
Microsoft Visual Studio Solution File, Format Version 12.00
# Visual Studio Version 17
VisualStudioVersion = 17.1.32210.238
MinimumVisualStudioVersion = 10.0.40219.1
Project("{FAE04EC0-301F-11D3-BF4B-00C04F79EFBC}") = "INF-164-Tamagotchi Group 27", "INF-164-Tamagotchi Group 27\INF-164-Tamagotchi Group 27.csproj", "{ACCFB668-B480-4C17-8239-B60AAA1ADF09}"
EndProject
Global
	GlobalSection(SolutionConfigurationPlatforms) = preSolution
		Debug|Any CPU = Debug|Any CPU
		Release|Any CPU = Release|Any CPU
	EndGlobalSection
	GlobalSection(ProjectConfigurationPlatforms) = postSolution
		{ACCFB668-B480-4C17-8239-B60AAA1ADF09}.Debug|Any CPU.ActiveCfg = Debug|Any CPU
		{ACCFB668-B480-4C17-8239-B60AAA1ADF09}.Debug|Any CPU.Build.0 = Debug|Any CPU
		{ACCFB668-B480-4C17-8239-B60AAA1ADF09}.Release|Any CPU.ActiveCfg = Release|Any CPU
		{ACCFB668-B480-4C17-8239-B60AAA1ADF09}.Release|Any CPU.Build.0 = Release|Any CPU
	EndGlobalSection
	GlobalSection(SolutionProperties) = preSolution
		HideSolutionNode = FALSE
	EndGlobalSection
	GlobalSection(ExtensibilityGlobals) = postSolution
		SolutionGuid = {B1D00CA3-4BB9-4E5A-96B7-29FDF23C9D6A}
	EndGlobalSection
EndGlobal
